// !$*UTF8*$!
{
	archiveVersion = 1;
	classes = {
	};
	objectVersion = 77;
	objects = {

/* Begin PBXContainerItemProxy section */
		505C555F2E5B3982008CB006 /* PBXContainerItemProxy */ = {
			isa = PBXContainerItemProxy;
			containerPortal = 505C55462E5B3980008CB006 /* Project object */;
			proxyType = 1;
			remoteGlobalIDString = 505C554D2E5B3980008CB006;
			remoteInfo = DemoCursorIOS;
		};
		505C55692E5B3982008CB006 /* PBXContainerItemProxy */ = {
			isa = PBXContainerItemProxy;
			containerPortal = 505C55462E5B3980008CB006 /* Project object */;
			proxyType = 1;
			remoteGlobalIDString = 505C554D2E5B3980008CB006;
			remoteInfo = DemoCursorIOS;
		};
/* End PBXContainerItemProxy section */

/* Begin PBXFileReference section */
		505C554E2E5B3980008CB006 /* DemoCursorIOS.app */ = {isa = PBXFileReference; explicitFileType = wrapper.application; includeInIndex = 0; path = DemoCursorIOS.app; sourceTree = BUILT_PRODUCTS_DIR; };
		505C555E2E5B3982008CB006 /* DemoCursorIOSTests.xctest */ = {isa = PBXFileReference; explicitFileType = wrapper.cfbundle; includeInIndex = 0; path = DemoCursorIOSTests.xctest; sourceTree = BUILT_PRODUCTS_DIR; };
		505C55682E5B3982008CB006 /* DemoCursorIOSUITests.xctest */ = {isa = PBXFileReference; explicitFileType = wrapper.cfbundle; includeInIndex = 0; path = DemoCursorIOSUITests.xctest; sourceTree = BUILT_PRODUCTS_DIR; };
/* End PBXFileReference section */

/* Begin PBXFileSystemSynchronizedRootGroup section */
		505C55502E5B3980008CB006 /* DemoCursorIOS */ = {
			isa = PBXFileSystemSynchronizedRootGroup;
			path = DemoCursorIOS;
			sourceTree = "<group>";
		};
		505C55612E5B3982008CB006 /* DemoCursorIOSTests */ = {
			isa = PBXFileSystemSynchronizedRootGroup;
			path = DemoCursorIOSTests;
			sourceTree = "<group>";
		};
		505C556B2E5B3982008CB006 /* DemoCursorIOSUITests */ = {
			isa = PBXFileSystemSynchronizedRootGroup;
			path = DemoCursorIOSUITests;
			sourceTree = "<group>";
		};
/* End PBXFileSystemSynchronizedRootGroup section */

/* Begin PBXFrameworksBuildPhase section */
		505C554B2E5B3980008CB006 /* Frameworks */ = {
			isa = PBXFrameworksBuildPhase;
			buildActionMask = 2147483647;
			files = (
			);
			runOnlyForDeploymentPostprocessing = 0;
		};
		505C555B2E5B3982008CB006 /* Frameworks */ = {
			isa = PBXFrameworksBuildPhase;
			buildActionMask = 2147483647;
			files = (
			);
			runOnlyForDeploymentPostprocessing = 0;
		};
		505C55652E5B3982008CB006 /* Frameworks */ = {
			isa = PBXFrameworksBuildPhase;
			buildActionMask = 2147483647;
			files = (
			);
			runOnlyForDeploymentPostprocessing = 0;
		};
/* End PBXFrameworksBuildPhase section */

/* Begin PBXGroup section */
		505C55452E5B3980008CB006 = {
			isa = PBXGroup;
			children = (
				505C55502E5B3980008CB006 /* DemoCursorIOS */,
				505C55612E5B3982008CB006 /* DemoCursorIOSTests */,
				505C556B2E5B3982008CB006 /* DemoCursorIOSUITests */,
				505C554F2E5B3980008CB006 /* Products */,
			);
			sourceTree = "<group>";
		};
		505C554F2E5B3980008CB006 /* Products */ = {
			isa = PBXGroup;
			children = (
				505C554E2E5B3980008CB006 /* DemoCursorIOS.app */,
				505C555E2E5B3982008CB006 /* DemoCursorIOSTests.xctest */,
				505C55682E5B3982008CB006 /* DemoCursorIOSUITests.xctest */,
			);
			name = Products;
			sourceTree = "<group>";
		};
/* End PBXGroup section */

/* Begin PBXNativeTarget section */
		505C554D2E5B3980008CB006 /* DemoCursorIOS */ = {
			isa = PBXNativeTarget;
			buildConfigurationList = 505C55722E5B3982008CB006 /* Build configuration list for PBXNativeTarget "DemoCursorIOS" */;
			buildPhases = (
				505C554A2E5B3980008CB006 /* Sources */,
				505C554B2E5B3980008CB006 /* Frameworks */,
				505C554C2E5B3980008CB006 /* Resources */,
			);
			buildRules = (
			);
			dependencies = (
			);
			fileSystemSynchronizedGroups = (
				505C55502E5B3980008CB006 /* DemoCursorIOS */,
			);
			name = DemoCursorIOS;
			packageProductDependencies = (
			);
			productName = DemoCursorIOS;
			productReference = 505C554E2E5B3980008CB006 /* DemoCursorIOS.app */;
			productType = "com.apple.product-type.application";
		};
		505C555D2E5B3982008CB006 /* DemoCursorIOSTests */ = {
			isa = PBXNativeTarget;
			buildConfigurationList = 505C55752E5B3982008CB006 /* Build configuration list for PBXNativeTarget "DemoCursorIOSTests" */;
			buildPhases = (
				505C555A2E5B3982008CB006 /* Sources */,
				505C555B2E5B3982008CB006 /* Frameworks */,
				505C555C2E5B3982008CB006 /* Resources */,
			);
			buildRules = (
			);
			dependencies = (
				505C55602E5B3982008CB006 /* PBXTargetDependency */,
			);
			fileSystemSynchronizedGroups = (
				505C55612E5B3982008CB006 /* DemoCursorIOSTests */,
			);
			name = DemoCursorIOSTests;
			packageProductDependencies = (
			);
			productName = DemoCursorIOSTests;
			productReference = 505C555E2E5B3982008CB006 /* DemoCursorIOSTests.xctest */;
			productType = "com.apple.product-type.bundle.unit-test";
		};
		505C55672E5B3982008CB006 /* DemoCursorIOSUITests */ = {
			isa = PBXNativeTarget;
			buildConfigurationList = 505C55782E5B3982008CB006 /* Build configuration list for PBXNativeTarget "DemoCursorIOSUITests" */;
			buildPhases = (
				505C55642E5B3982008CB006 /* Sources */,
				505C55652E5B3982008CB006 /* Frameworks */,
				505C55662E5B3982008CB006 /* Resources */,
			);
			buildRules = (
			);
			dependencies = (
				505C556A2E5B3982008CB006 /* PBXTargetDependency */,
			);
			fileSystemSynchronizedGroups = (
				505C556B2E5B3982008CB006 /* DemoCursorIOSUITests */,
			);
			name = DemoCursorIOSUITests;
			packageProductDependencies = (
			);
			productName = DemoCursorIOSUITests;
			productReference = 505C55682E5B3982008CB006 /* DemoCursorIOSUITests.xctest */;
			productType = "com.apple.product-type.bundle.ui-testing";
		};
/* End PBXNativeTarget section */

/* Begin PBXProject section */
		505C55462E5B3980008CB006 /* Project object */ = {
			isa = PBXProject;
			attributes = {
				BuildIndependentTargetsInParallel = 1;
				LastSwiftUpdateCheck = 1600;
				LastUpgradeCheck = 1600;
				TargetAttributes = {
					505C554D2E5B3980008CB006 = {
						CreatedOnToolsVersion = 16.0;
					};
					505C555D2E5B3982008CB006 = {
						CreatedOnToolsVersion = 16.0;
						TestTargetID = 505C554D2E5B3980008CB006;
					};
					505C55672E5B3982008CB006 = {
						CreatedOnToolsVersion = 16.0;
						TestTargetID = 505C554D2E5B3980008CB006;
					};
				};
			};
			buildConfigurationList = 505C55492E5B3980008CB006 /* Build configuration list for PBXProject "DemoCursorIOS" */;
			developmentRegion = en;
			hasScannedForEncodings = 0;
			knownRegions = (
				en,
				Base,
			);
			mainGroup = 505C55452E5B3980008CB006;
			minimizedProjectReferenceProxies = 1;
			preferredProjectObjectVersion = 77;
			productRefGroup = 505C554F2E5B3980008CB006 /* Products */;
			projectDirPath = "";
			projectRoot = "";
			targets = (
				505C554D2E5B3980008CB006 /* DemoCursorIOS */,
				505C555D2E5B3982008CB006 /* DemoCursorIOSTests */,
				505C55672E5B3982008CB006 /* DemoCursorIOSUITests */,
			);
		};
/* End PBXProject section */

/* Begin PBXResourcesBuildPhase section */
		505C554C2E5B3980008CB006 /* Resources */ = {
			isa = PBXResourcesBuildPhase;
			buildActionMask = 2147483647;
			files = (
			);
			runOnlyForDeploymentPostprocessing = 0;
		};
		505C555C2E5B3982008CB006 /* Resources */ = {
			isa = PBXResourcesBuildPhase;
			buildActionMask = 2147483647;
			files = (
			);
			runOnlyForDeploymentPostprocessing = 0;
		};
		505C55662E5B3982008CB006 /* Resources */ = {
			isa = PBXResourcesBuildPhase;
			buildActionMask = 2147483647;
			files = (
			);
			runOnlyForDeploymentPostprocessing = 0;
		};
/* End PBXResourcesBuildPhase section */

/* Begin PBXSourcesBuildPhase section */
		505C554A2E5B3980008CB006 /* Sources */ = {
			isa = PBXSourcesBuildPhase;
			buildActionMask = 2147483647;
			files = (
			);
			runOnlyForDeploymentPostprocessing = 0;
		};
		505C555A2E5B3982008CB006 /* Sources */ = {
			isa = PBXSourcesBuildPhase;
			buildActionMask = 2147483647;
			files = (
			);
			runOnlyForDeploymentPostprocessing = 0;
		};
		505C55642E5B3982008CB006 /* Sources */ = {
			isa = PBXSourcesBuildPhase;
			buildActionMask = 2147483647;
			files = (
			);
			runOnlyForDeploymentPostprocessing = 0;
		};
/* End PBXSourcesBuildPhase section */

/* Begin PBXTargetDependency section */
		505C55602E5B3982008CB006 /* PBXTargetDependency */ = {
			isa = PBXTargetDependency;
			target = 505C554D2E5B3980008CB006 /* DemoCursorIOS */;
			targetProxy = 505C555F2E5B3982008CB006 /* PBXContainerItemProxy */;
		};
		505C556A2E5B3982008CB006 /* PBXTargetDependency */ = {
			isa = PBXTargetDependency;
			target = 505C554D2E5B3980008CB006 /* DemoCursorIOS */;
			targetProxy = 505C55692E5B3982008CB006 /* PBXContainerItemProxy */;
		};
/* End PBXTargetDependency section */

/* Begin XCBuildConfiguration section */
		505C55702E5B3982008CB006 /* Debug */ = {
			isa = XCBuildConfiguration;
			buildSettings = {
				ALWAYS_SEARCH_USER_PATHS = NO;
				ASSETCATALOG_COMPILER_GENERATE_SWIFT_ASSET_SYMBOL_EXTENSIONS = YES;
				CLANG_ANALYZER_NONNULL = YES;
				CLANG_ANALYZER_NUMBER_OBJECT_CONVERSION = YES_AGGRESSIVE;
				CLANG_CXX_LANGUAGE_STANDARD = "gnu++20";
				CLANG_ENABLE_MODULES = YES;
				CLANG_ENABLE_OBJC_ARC = YES;
				CLANG_ENABLE_OBJC_WEAK = YES;
				CLANG_WARN_BLOCK_CAPTURE_AUTORELEASING = YES;
				CLANG_WARN_BOOL_CONVERSION = YES;
				CLANG_WARN_COMMA = YES;
				CLANG_WARN_CONSTANT_CONVERSION = YES;
				CLANG_WARN_DEPRECATED_OBJC_IMPLEMENTATIONS = YES;
				CLANG_WARN_DIRECT_OBJC_ISA_USAGE = YES_ERROR;
				CLANG_WARN_DOCUMENTATION_COMMENTS = YES;
				CLANG_WARN_EMPTY_BODY = YES;
				CLANG_WARN_ENUM_CONVERSION = YES;
				CLANG_WARN_INFINITE_RECURSION = YES;
				CLANG_WARN_INT_CONVERSION = YES;
				CLANG_WARN_NON_LITERAL_NULL_CONVERSION = YES;
				CLANG_WARN_OBJC_IMPLICIT_RETAIN_SELF = YES;
				CLANG_WARN_OBJC_LITERAL_CONVERSION = YES;
				CLANG_WARN_OBJC_ROOT_CLASS = YES_ERROR;
				CLANG_WARN_QUOTED_INCLUDE_IN_FRAMEWORK_HEADER = YES;
				CLANG_WARN_RANGE_LOOP_ANALYSIS = YES;
				CLANG_WARN_STRICT_PROTOTYPES = YES;
				CLANG_WARN_SUSPICIOUS_MOVE = YES;
				CLANG_WARN_UNGUARDED_AVAILABILITY = YES_AGGRESSIVE;
				CLANG_WARN_UNREACHABLE_CODE = YES;
				CLANG_WARN__DUPLICATE_METHOD_MATCH = YES;
				COPY_PHASE_STRIP = NO;
				DEBUG_INFORMATION_FORMAT = dwarf;
				ENABLE_STRICT_OBJC_MSGSEND = YES;
				ENABLE_TESTABILITY = YES;
				ENABLE_USER_SCRIPT_SANDBOXING = YES;
				GCC_C_LANGUAGE_STANDARD = gnu17;
				GCC_DYNAMIC_NO_PIC = NO;
				GCC_NO_COMMON_BLOCKS = YES;
				GCC_OPTIMIZATION_LEVEL = 0;
				GCC_PREPROCESSOR_DEFINITIONS = (
					"DEBUG=1",
					"$(inherited)",
				);
				GCC_WARN_64_TO_32_BIT_CONVERSION = YES;
				GCC_WARN_ABOUT_RETURN_TYPE = YES_ERROR;
				GCC_WARN_UNDECLARED_SELECTOR = YES;
				GCC_WARN_UNINITIALIZED_AUTOS = YES_AGGRESSIVE;
				GCC_WARN_UNUSED_FUNCTION = YES;
				GCC_WARN_UNUSED_VARIABLE = YES;
				IPHONEOS_DEPLOYMENT_TARGET = 18.0;
				LOCALIZATION_PREFERS_STRING_CATALOGS = YES;
				MTL_ENABLE_DEBUG_INFO = INCLUDE_SOURCE;
				MTL_FAST_MATH = YES;
				ONLY_ACTIVE_ARCH = YES;
				SDKROOT = iphoneos;
				SWIFT_ACTIVE_COMPILATION_CONDITIONS = "DEBUG $(inherited)";
				SWIFT_OPTIMIZATION_LEVEL = "-Onone";
			};
			name = Debug;
		};
		505C55712E5B3982008CB006 /* Release */ = {
			isa = XCBuildConfiguration;
			buildSettings = {
				ALWAYS_SEARCH_USER_PATHS = NO;
				ASSETCATALOG_COMPILER_GENERATE_SWIFT_ASSET_SYMBOL_EXTENSIONS = YES;
				CLANG_ANALYZER_NONNULL = YES;
				CLANG_ANALYZER_NUMBER_OBJECT_CONVERSION = YES_AGGRESSIVE;
				CLANG_CXX_LANGUAGE_STANDARD = "gnu++20";
				CLANG_ENABLE_MODULES = YES;
				CLANG_ENABLE_OBJC_ARC = YES;
				CLANG_ENABLE_OBJC_WEAK = YES;
				CLANG_WARN_BLOCK_CAPTURE_AUTORELEASING = YES;
				CLANG_WARN_BOOL_CONVERSION = YES;
				CLANG_WARN_COMMA = YES;
				CLANG_WARN_CONSTANT_CONVERSION = YES;
				CLANG_WARN_DEPRECATED_OBJC_IMPLEMENTATIONS = YES;
				CLANG_WARN_DIRECT_OBJC_ISA_USAGE = YES_ERROR;
				CLANG_WARN_DOCUMENTATION_COMMENTS = YES;
				CLANG_WARN_EMPTY_BODY = YES;
				CLANG_WARN_ENUM_CONVERSION = YES;
				CLANG_WARN_INFINITE_RECURSION = YES;
				CLANG_WARN_INT_CONVERSION = YES;
				CLANG_WARN_NON_LITERAL_NULL_CONVERSION = YES;
				CLANG_WARN_OBJC_IMPLICIT_RETAIN_SELF = YES;
				CLANG_WARN_OBJC_LITERAL_CONVERSION = YES;
				CLANG_WARN_OBJC_ROOT_CLASS = YES_ERROR;
				CLANG_WARN_QUOTED_INCLUDE_IN_FRAMEWORK_HEADER = YES;
				CLANG_WARN_RANGE_LOOP_ANALYSIS = YES;
				CLANG_WARN_STRICT_PROTOTYPES = YES;
				CLANG_WARN_SUSPICIOUS_MOVE = YES;
				CLANG_WARN_UNGUARDED_AVAILABILITY = YES_AGGRESSIVE;
				CLANG_WARN_UNREACHABLE_CODE = YES;
				CLANG_WARN__DUPLICATE_METHOD_MATCH = YES;
				COPY_PHASE_STRIP = NO;
				DEBUG_INFORMATION_FORMAT = "dwarf-with-dsym";
				ENABLE_NS_ASSERTIONS = NO;
				ENABLE_STRICT_OBJC_MSGSEND = YES;
				ENABLE_USER_SCRIPT_SANDBOXING = YES;
				GCC_C_LANGUAGE_STANDARD = gnu17;
				GCC_NO_COMMON_BLOCKS = YES;
				GCC_WARN_64_TO_32_BIT_CONVERSION = YES;
				GCC_WARN_ABOUT_RETURN_TYPE = YES_ERROR;
				GCC_WARN_UNDECLARED_SELECTOR = YES;
				GCC_WARN_UNINITIALIZED_AUTOS = YES_AGGRESSIVE;
				GCC_WARN_UNUSED_FUNCTION = YES;
				GCC_WARN_UNUSED_VARIABLE = YES;
				IPHONEOS_DEPLOYMENT_TARGET = 18.0;
				LOCALIZATION_PREFERS_STRING_CATALOGS = YES;
				MTL_ENABLE_DEBUG_INFO = NO;
				MTL_FAST_MATH = YES;
				SDKROOT = iphoneos;
				SWIFT_COMPILATION_MODE = wholemodule;
				VALIDATE_PRODUCT = YES;
			};
			name = Release;
		};
		505C55732E5B3982008CB006 /* Debug */ = {
			isa = XCBuildConfiguration;
			buildSettings = {
				ASSETCATALOG_COMPILER_APPICON_NAME = AppIcon;
				ASSETCATALOG_COMPILER_GLOBAL_ACCENT_COLOR_NAME = AccentColor;
				CODE_SIGN_STYLE = Automatic;
				CURRENT_PROJECT_VERSION = 1;
				DEVELOPMENT_ASSET_PATHS = "\"DemoCursorIOS/Preview Content\"";
				DEVELOPMENT_TEAM = 79VCLZ9STD;
				ENABLE_PREVIEWS = YES;
				GENERATE_INFOPLIST_FILE = YES;
				INFOPLIST_KEY_UIApplicationSceneManifest_Generation = YES;
				INFOPLIST_KEY_UIApplicationSupportsIndirectInputEvents = YES;
				INFOPLIST_KEY_UILaunchScreen_Generation = YES;
				INFOPLIST_KEY_UISupportedInterfaceOrientations_iPad = "UIInterfaceOrientationPortrait UIInterfaceOrientationPortraitUpsideDown UIInterfaceOrientationLandscapeLeft UIInterfaceOrientationLandscapeRight";
				INFOPLIST_KEY_UISupportedInterfaceOrientations_iPhone = "UIInterfaceOrientationPortrait UIInterfaceOrientationLandscapeLeft UIInterfaceOrientationLandscapeRight";
				LD_RUNPATH_SEARCH_PATHS = (
					"$(inherited)",
					"@executable_path/Frameworks",
				);
				MARKETING_VERSION = 1.0;
				PRODUCT_BUNDLE_IDENTIFIER = com.yamamoto.DemoCursorIOS;
				PRODUCT_NAME = "$(TARGET_NAME)";
				SWIFT_EMIT_LOC_STRINGS = YES;
				SWIFT_VERSION = 5.0;
				TARGETED_DEVICE_FAMILY = "1,2";
			};
			name = Debug;
		};
		505C55742E5B3982008CB006 /* Release */ = {
			isa = XCBuildConfiguration;
			buildSettings = {
				ASSETCATALOG_COMPILER_APPICON_NAME = AppIcon;
				ASSETCATALOG_COMPILER_GLOBAL_ACCENT_COLOR_NAME = AccentColor;
				CODE_SIGN_STYLE = Automatic;
				CURRENT_PROJECT_VERSION = 1;
				DEVELOPMENT_ASSET_PATHS = "\"DemoCursorIOS/Preview Content\"";
				DEVELOPMENT_TEAM = 79VCLZ9STD;
				ENABLE_PREVIEWS = YES;
				GENERATE_INFOPLIST_FILE = YES;
				INFOPLIST_KEY_UIApplicationSceneManifest_Generation = YES;
				INFOPLIST_KEY_UIApplicationSupportsIndirectInputEvents = YES;
				INFOPLIST_KEY_UILaunchScreen_Generation = YES;
				INFOPLIST_KEY_UISupportedInterfaceOrientations_iPad = "UIInterfaceOrientationPortrait UIInterfaceOrientationPortraitUpsideDown UIInterfaceOrientationLandscapeLeft UIInterfaceOrientationLandscapeRight";
				INFOPLIST_KEY_UISupportedInterfaceOrientations_iPhone = "UIInterfaceOrientationPortrait UIInterfaceOrientationLandscapeLeft UIInterfaceOrientationLandscapeRight";
				LD_RUNPATH_SEARCH_PATHS = (
					"$(inherited)",
					"@executable_path/Frameworks",
				);
				MARKETING_VERSION = 1.0;
				PRODUCT_BUNDLE_IDENTIFIER = com.yamamoto.DemoCursorIOS;
				PRODUCT_NAME = "$(TARGET_NAME)";
				SWIFT_EMIT_LOC_STRINGS = YES;
				SWIFT_VERSION = 5.0;
				TARGETED_DEVICE_FAMILY = "1,2";
			};
			name = Release;
		};
		505C55762E5B3982008CB006 /* Debug */ = {
			isa = XCBuildConfiguration;
			buildSettings = {
				BUNDLE_LOADER = "$(TEST_HOST)";
				CODE_SIGN_STYLE = Automatic;
				CURRENT_PROJECT_VERSION = 1;
				DEVELOPMENT_TEAM = 79VCLZ9STD;
				GENERATE_INFOPLIST_FILE = YES;
				IPHONEOS_DEPLOYMENT_TARGET = 18.0;
				MARKETING_VERSION = 1.0;
				PRODUCT_BUNDLE_IDENTIFIER = com.yamamoto.DemoCursorIOSTests;
				PRODUCT_NAME = "$(TARGET_NAME)";
				SWIFT_EMIT_LOC_STRINGS = NO;
				SWIFT_VERSION = 5.0;
				TARGETED_DEVICE_FAMILY = "1,2";
				TEST_HOST = "$(BUILT_PRODUCTS_DIR)/DemoCursorIOS.app/$(BUNDLE_EXECUTABLE_FOLDER_PATH)/DemoCursorIOS";
			};
			name = Debug;
		};
		505C55772E5B3982008CB006 /* Release */ = {
			isa = XCBuildConfiguration;
			buildSettings = {
				BUNDLE_LOADER = "$(TEST_HOST)";
				CODE_SIGN_STYLE = Automatic;
				CURRENT_PROJECT_VERSION = 1;
				DEVELOPMENT_TEAM = 79VCLZ9STD;
				GENERATE_INFOPLIST_FILE = YES;
				IPHONEOS_DEPLOYMENT_TARGET = 18.0;
				MARKETING_VERSION = 1.0;
				PRODUCT_BUNDLE_IDENTIFIER = com.yamamoto.DemoCursorIOSTests;
				PRODUCT_NAME = "$(TARGET_NAME)";
				SWIFT_EMIT_LOC_STRINGS = NO;
				SWIFT_VERSION = 5.0;
				TARGETED_DEVICE_FAMILY = "1,2";
				TEST_HOST = "$(BUILT_PRODUCTS_DIR)/DemoCursorIOS.app/$(BUNDLE_EXECUTABLE_FOLDER_PATH)/DemoCursorIOS";
			};
			name = Release;
		};
		505C55792E5B3982008CB006 /* Debug */ = {
			isa = XCBuildConfiguration;
			buildSettings = {
				CODE_SIGN_STYLE = Automatic;
				CURRENT_PROJECT_VERSION = 1;
				DEVELOPMENT_TEAM = 79VCLZ9STD;
				GENERATE_INFOPLIST_FILE = YES;
				MARKETING_VERSION = 1.0;
				PRODUCT_BUNDLE_IDENTIFIER = com.yamamoto.DemoCursorIOSUITests;
				PRODUCT_NAME = "$(TARGET_NAME)";
				SWIFT_EMIT_LOC_STRINGS = NO;
				SWIFT_VERSION = 5.0;
				TARGETED_DEVICE_FAMILY = "1,2";
				TEST_TARGET_NAME = DemoCursorIOS;
			};
			name = Debug;
		};
		505C557A2E5B3982008CB006 /* Release */ = {
			isa = XCBuildConfiguration;
			buildSettings = {
				CODE_SIGN_STYLE = Automatic;
				CURRENT_PROJECT_VERSION = 1;
				DEVELOPMENT_TEAM = 79VCLZ9STD;
				GENERATE_INFOPLIST_FILE = YES;
				MARKETING_VERSION = 1.0;
				PRODUCT_BUNDLE_IDENTIFIER = com.yamamoto.DemoCursorIOSUITests;
				PRODUCT_NAME = "$(TARGET_NAME)";
				SWIFT_EMIT_LOC_STRINGS = NO;
				SWIFT_VERSION = 5.0;
				TARGETED_DEVICE_FAMILY = "1,2";
				TEST_TARGET_NAME = DemoCursorIOS;
			};
			name = Release;
		};
/* End XCBuildConfiguration section */

/* Begin XCConfigurationList section */
		505C55492E5B3980008CB006 /* Build configuration list for PBXProject "DemoCursorIOS" */ = {
			isa = XCConfigurationList;
			buildConfigurations = (
				505C55702E5B3982008CB006 /* Debug */,
				505C55712E5B3982008CB006 /* Release */,
			);
			defaultConfigurationIsVisible = 0;
			defaultConfigurationName = Release;
		};
		505C55722E5B3982008CB006 /* Build configuration list for PBXNativeTarget "DemoCursorIOS" */ = {
			isa = XCConfigurationList;
			buildConfigurations = (
				505C55732E5B3982008CB006 /* Debug */,
				505C55742E5B3982008CB006 /* Release */,
			);
			defaultConfigurationIsVisible = 0;
			defaultConfigurationName = Release;
		};
		505C55752E5B3982008CB006 /* Build configuration list for PBXNativeTarget "DemoCursorIOSTests" */ = {
			isa = XCConfigurationList;
			buildConfigurations = (
				505C55762E5B3982008CB006 /* Debug */,
				505C55772E5B3982008CB006 /* Release */,
			);
			defaultConfigurationIsVisible = 0;
			defaultConfigurationName = Release;
		};
		505C55782E5B3982008CB006 /* Build configuration list for PBXNativeTarget "DemoCursorIOSUITests" */ = {
			isa = XCConfigurationList;
			buildConfigurations = (
				505C55792E5B3982008CB006 /* Debug */,
				505C557A2E5B3982008CB006 /* Release */,
			);
			defaultConfigurationIsVisible = 0;
			defaultConfigurationName = Release;
		};
/* End XCConfigurationList section */
	};
	rootObject = 505C55462E5B3980008CB006 /* Project object */;
}
